{
  "requires": true,
  "lockfileVersion": 1,
  "dependencies": {
    "lodash": {
      "version": "4.17.11",
      "resolved": "http://registry.npm.taobao.org/lodash/download/lodash-4.17.11.tgz",
      "integrity": "sha1-s56mIp72B+zYniyN8SU2iRysm40="
    },
    "react-native-easy-grid": {
      "version": "0.2.1",
      "resolved": "http://registry.npm.taobao.org/react-native-easy-grid/download/react-native-easy-grid-0.2.1.tgz",
      "integrity": "sha1-I+OG2w5NDUbX2jD3tijijNNU1a0=",
      "requires": {
        "lodash": "4.17.11"
      }
    }
  }
}
